
Microsoft Visual Studio Solution File, Format Version 12.00
# Visual Studio Version 17
VisualStudioVersion = 17.12.35527.113
MinimumVisualStudioVersion = 10.0.40219.1
Project("{FAE04EC0-301F-11D3-BF4B-00C04F79EFBC}") = "WebFormsProject", "WebFormsProject\WebFormsProject.csproj", "{B6E949C3-6956-42EB-8601-E894CCCF65C2}"
EndProject
Project("{FAE04EC0-301F-11D3-BF4B-00C04F79EFBC}") = "AdoNet", "AdoNet\AdoNet.csproj", "{70B16E3C-8FAC-4AF1-8F0E-EB60D987C6FB}"
EndProject
Global
	GlobalSection(SolutionConfigurationPlatforms) = preSolution
		Debug|Any CPU = Debug|Any CPU
		Release|Any CPU = Release|Any CPU
	EndGlobalSection
	GlobalSection(ProjectConfigurationPlatforms) = postSolution
		{B6E949C3-6956-42EB-8601-E894CCCF65C2}.Debug|Any CPU.ActiveCfg = Debug|Any CPU
		{B6E949C3-6956-42EB-8601-E894CCCF65C2}.Debug|Any CPU.Build.0 = Debug|Any CPU
		{B6E949C3-6956-42EB-8601-E894CCCF65C2}.Release|Any CPU.ActiveCfg = Release|Any CPU
		{B6E949C3-6956-42EB-8601-E894CCCF65C2}.Release|Any CPU.Build.0 = Release|Any CPU
		{70B16E3C-8FAC-4AF1-8F0E-EB60D987C6FB}.Debug|Any CPU.ActiveCfg = Debug|Any CPU
		{70B16E3C-8FAC-4AF1-8F0E-EB60D987C6FB}.Debug|Any CPU.Build.0 = Debug|Any CPU
		{70B16E3C-8FAC-4AF1-8F0E-EB60D987C6FB}.Release|Any CPU.ActiveCfg = Release|Any CPU
		{70B16E3C-8FAC-4AF1-8F0E-EB60D987C6FB}.Release|Any CPU.Build.0 = Release|Any CPU
	EndGlobalSection
	GlobalSection(SolutionProperties) = preSolution
		HideSolutionNode = FALSE
	EndGlobalSection
EndGlobal
